{
  "name": "real-estate",
  "version": "1.0.0",
  "lockfileVersion": 1,
  "requires": true,
  "dependencies": {
    "sal.js": {
      "version": "0.7.0",
      "resolved": "https://registry.npmjs.org/sal.js/-/sal.js-0.7.0.tgz",
      "integrity": "sha512-jFN3cpjm5Z8Vtjg7sVlmmGCbz0oyjzOTVEjPvkZFG93rxsFd1iK4bJqdyatjwf/npXEYrrLnqk3pqNa3gJyS3w=="
    }
  }
}
